// !$*UTF8*$!
{
	archiveVersion = 1;
	classes = {
	};
	objectVersion = 56;
	objects = {

/* Begin PBXBuildFile section */
		31592B9A2A171ACD00290E1A /* CoreDataViewModel.swift in Sources */ = {isa = PBXBuildFile; fileRef = 31592B992A171ACD00290E1A /* CoreDataViewModel.swift */; };
		31592B9C2A171ADE00290E1A /* ReviewView.swift in Sources */ = {isa = PBXBuildFile; fileRef = 31592B9B2A171ADE00290E1A /* ReviewView.swift */; };
		31592B9E2A19F03E00290E1A /* SelectedLocationSheet.swift in Sources */ = {isa = PBXBuildFile; fileRef = 31592B9D2A19F03E00290E1A /* SelectedLocationSheet.swift */; };
		31592BA42A19F07A00290E1A /* NoteSheet.swift in Sources */ = {isa = PBXBuildFile; fileRef = 31592BA32A19F07A00290E1A /* NoteSheet.swift */; };
		31592BA62A1A280200290E1A /* AddReviewButton.swift in Sources */ = {isa = PBXBuildFile; fileRef = 31592BA52A1A280200290E1A /* AddReviewButton.swift */; };
		31592BA82A1A281200290E1A /* SaveReviewButton.swift in Sources */ = {isa = PBXBuildFile; fileRef = 31592BA72A1A281200290E1A /* SaveReviewButton.swift */; };
		3197AB7D2A16151200C8ED1E /* MemoSpotApp.swift in Sources */ = {isa = PBXBuildFile; fileRef = 3197AB7C2A16151200C8ED1E /* MemoSpotApp.swift */; };
		3197AB7F2A16151200C8ED1E /* ContentView.swift in Sources */ = {isa = PBXBuildFile; fileRef = 3197AB7E2A16151200C8ED1E /* ContentView.swift */; };
		3197AB812A16151300C8ED1E /* Assets.xcassets in Resources */ = {isa = PBXBuildFile; fileRef = 3197AB802A16151300C8ED1E /* Assets.xcassets */; };
		3197AB842A16151300C8ED1E /* Preview Assets.xcassets in Resources */ = {isa = PBXBuildFile; fileRef = 3197AB832A16151300C8ED1E /* Preview Assets.xcassets */; };
		3197AB862A16151300C8ED1E /* Persistence.swift in Sources */ = {isa = PBXBuildFile; fileRef = 3197AB852A16151300C8ED1E /* Persistence.swift */; };
		3197AB892A16151300C8ED1E /* MemoSpot.xcdatamodeld in Sources */ = {isa = PBXBuildFile; fileRef = 3197AB872A16151300C8ED1E /* MemoSpot.xcdatamodeld */; };
		3197AB932A16187600C8ED1E /* Home.swift in Sources */ = {isa = PBXBuildFile; fileRef = 3197AB922A16187600C8ED1E /* Home.swift */; };
		3197AB952A16187C00C8ED1E /* MapView.swift in Sources */ = {isa = PBXBuildFile; fileRef = 3197AB942A16187C00C8ED1E /* MapView.swift */; };
		3197AB972A16188800C8ED1E /* MapViewModel.swift in Sources */ = {isa = PBXBuildFile; fileRef = 3197AB962A16188800C8ED1E /* MapViewModel.swift */; };
		31B485E32A16587000B4CDC1 /* Place.swift in Sources */ = {isa = PBXBuildFile; fileRef = 31B485E22A16586F00B4CDC1 /* Place.swift */; };
/* End PBXBuildFile section */

/* Begin PBXFileReference section */
		31592B992A171ACD00290E1A /* CoreDataViewModel.swift */ = {isa = PBXFileReference; lastKnownFileType = sourcecode.swift; path = CoreDataViewModel.swift; sourceTree = "<group>"; };
		31592B9B2A171ADE00290E1A /* ReviewView.swift */ = {isa = PBXFileReference; lastKnownFileType = sourcecode.swift; path = ReviewView.swift; sourceTree = "<group>"; };
		31592B9D2A19F03E00290E1A /* SelectedLocationSheet.swift */ = {isa = PBXFileReference; lastKnownFileType = sourcecode.swift; path = SelectedLocationSheet.swift; sourceTree = "<group>"; };
		31592BA32A19F07A00290E1A /* NoteSheet.swift */ = {isa = PBXFileReference; lastKnownFileType = sourcecode.swift; path = NoteSheet.swift; sourceTree = "<group>"; };
		31592BA52A1A280200290E1A /* AddReviewButton.swift */ = {isa = PBXFileReference; lastKnownFileType = sourcecode.swift; path = AddReviewButton.swift; sourceTree = "<group>"; };
		31592BA72A1A281200290E1A /* SaveReviewButton.swift */ = {isa = PBXFileReference; lastKnownFileType = sourcecode.swift; path = SaveReviewButton.swift; sourceTree = "<group>"; };
		3197AB792A16151200C8ED1E /* MemoSpot.app */ = {isa = PBXFileReference; explicitFileType = wrapper.application; includeInIndex = 0; path = MemoSpot.app; sourceTree = BUILT_PRODUCTS_DIR; };
		3197AB7C2A16151200C8ED1E /* MemoSpotApp.swift */ = {isa = PBXFileReference; lastKnownFileType = sourcecode.swift; path = MemoSpotApp.swift; sourceTree = "<group>"; };
		3197AB7E2A16151200C8ED1E /* ContentView.swift */ = {isa = PBXFileReference; lastKnownFileType = sourcecode.swift; path = ContentView.swift; sourceTree = "<group>"; };
		3197AB802A16151300C8ED1E /* Assets.xcassets */ = {isa = PBXFileReference; lastKnownFileType = folder.assetcatalog; path = Assets.xcassets; sourceTree = "<group>"; };
		3197AB832A16151300C8ED1E /* Preview Assets.xcassets */ = {isa = PBXFileReference; lastKnownFileType = folder.assetcatalog; path = "Preview Assets.xcassets"; sourceTree = "<group>"; };
		3197AB852A16151300C8ED1E /* Persistence.swift */ = {isa = PBXFileReference; lastKnownFileType = sourcecode.swift; path = Persistence.swift; sourceTree = "<group>"; };
		3197AB882A16151300C8ED1E /* MemoSpot.xcdatamodel */ = {isa = PBXFileReference; lastKnownFileType = wrapper.xcdatamodel; path = MemoSpot.xcdatamodel; sourceTree = "<group>"; };
		3197AB922A16187600C8ED1E /* Home.swift */ = {isa = PBXFileReference; lastKnownFileType = sourcecode.swift; path = Home.swift; sourceTree = "<group>"; };
		3197AB942A16187C00C8ED1E /* MapView.swift */ = {isa = PBXFileReference; lastKnownFileType = sourcecode.swift; path = MapView.swift; sourceTree = "<group>"; };
		3197AB962A16188800C8ED1E /* MapViewModel.swift */ = {isa = PBXFileReference; lastKnownFileType = sourcecode.swift; path = MapViewModel.swift; sourceTree = "<group>"; };
		31B485E22A16586F00B4CDC1 /* Place.swift */ = {isa = PBXFileReference; lastKnownFileType = sourcecode.swift; path = Place.swift; sourceTree = "<group>"; };
/* End PBXFileReference section */

/* Begin PBXFrameworksBuildPhase section */
		3197AB762A16151200C8ED1E /* Frameworks */ = {
			isa = PBXFrameworksBuildPhase;
			buildActionMask = 2147483647;
			files = (
			);
			runOnlyForDeploymentPostprocessing = 0;
		};
/* End PBXFrameworksBuildPhase section */

/* Begin PBXGroup section */
		31592B982A171AC000290E1A /* CoreData */ = {
			isa = PBXGroup;
			children = (
				31592B992A171ACD00290E1A /* CoreDataViewModel.swift */,
			);
			path = CoreData;
			sourceTree = "<group>";
		};
		31592B9F2A19F04300290E1A /* Components */ = {
			isa = PBXGroup;
			children = (
				31592B9D2A19F03E00290E1A /* SelectedLocationSheet.swift */,
				31592BA32A19F07A00290E1A /* NoteSheet.swift */,
				31592BA52A1A280200290E1A /* AddReviewButton.swift */,
				31592BA72A1A281200290E1A /* SaveReviewButton.swift */,
			);
			path = Components;
			sourceTree = "<group>";
		};
		3197AB702A16151200C8ED1E = {
			isa = PBXGroup;
			children = (
				3197AB7B2A16151200C8ED1E /* MemoSpot */,
				3197AB7A2A16151200C8ED1E /* Products */,
			);
			sourceTree = "<group>";
		};
		3197AB7A2A16151200C8ED1E /* Products */ = {
			isa = PBXGroup;
			children = (
				3197AB792A16151200C8ED1E /* MemoSpot.app */,
			);
			name = Products;
			sourceTree = "<group>";
		};
		3197AB7B2A16151200C8ED1E /* MemoSpot */ = {
			isa = PBXGroup;
			children = (
				31592B9F2A19F04300290E1A /* Components */,
				31592B982A171AC000290E1A /* CoreData */,
				3197AB912A16157100C8ED1E /* ViewModel */,
				3197AB902A16156800C8ED1E /* View */,
				3197AB8F2A16155700C8ED1E /* Model */,
				3197AB7C2A16151200C8ED1E /* MemoSpotApp.swift */,
				3197AB7E2A16151200C8ED1E /* ContentView.swift */,
				3197AB802A16151300C8ED1E /* Assets.xcassets */,
				3197AB852A16151300C8ED1E /* Persistence.swift */,
				3197AB872A16151300C8ED1E /* MemoSpot.xcdatamodeld */,
				3197AB822A16151300C8ED1E /* Preview Content */,
			);
			path = MemoSpot;
			sourceTree = "<group>";
		};
		3197AB822A16151300C8ED1E /* Preview Content */ = {
			isa = PBXGroup;
			children = (
				3197AB832A16151300C8ED1E /* Preview Assets.xcassets */,
			);
			path = "Preview Content";
			sourceTree = "<group>";
		};
		3197AB8F2A16155700C8ED1E /* Model */ = {
			isa = PBXGroup;
			children = (
				31B485E22A16586F00B4CDC1 /* Place.swift */,
			);
			path = Model;
			sourceTree = "<group>";
		};
		3197AB902A16156800C8ED1E /* View */ = {
			isa = PBXGroup;
			children = (
				3197AB922A16187600C8ED1E /* Home.swift */,
				3197AB942A16187C00C8ED1E /* MapView.swift */,
				31592B9B2A171ADE00290E1A /* ReviewView.swift */,
			);
			path = View;
			sourceTree = "<group>";
		};
		3197AB912A16157100C8ED1E /* ViewModel */ = {
			isa = PBXGroup;
			children = (
				3197AB962A16188800C8ED1E /* MapViewModel.swift */,
			);
			path = ViewModel;
			sourceTree = "<group>";
		};
/* End PBXGroup section */

/* Begin PBXNativeTarget section */
		3197AB782A16151200C8ED1E /* MemoSpot */ = {
			isa = PBXNativeTarget;
			buildConfigurationList = 3197AB8C2A16151300C8ED1E /* Build configuration list for PBXNativeTarget "MemoSpot" */;
			buildPhases = (
				3197AB752A16151200C8ED1E /* Sources */,
				3197AB762A16151200C8ED1E /* Frameworks */,
				3197AB772A16151200C8ED1E /* Resources */,
			);
			buildRules = (
			);
			dependencies = (
			);
			name = MemoSpot;
			productName = MemoSpot;
			productReference = 3197AB792A16151200C8ED1E /* MemoSpot.app */;
			productType = "com.apple.product-type.application";
		};
/* End PBXNativeTarget section */

/* Begin PBXProject section */
		3197AB712A16151200C8ED1E /* Project object */ = {
			isa = PBXProject;
			attributes = {
				BuildIndependentTargetsInParallel = 1;
				LastSwiftUpdateCheck = 1430;
				LastUpgradeCheck = 1430;
				TargetAttributes = {
					3197AB782A16151200C8ED1E = {
						CreatedOnToolsVersion = 14.3;
					};
				};
			};
			buildConfigurationList = 3197AB742A16151200C8ED1E /* Build configuration list for PBXProject "MemoSpot" */;
			compatibilityVersion = "Xcode 14.0";
			developmentRegion = en;
			hasScannedForEncodings = 0;
			knownRegions = (
				en,
				Base,
			);
			mainGroup = 3197AB702A16151200C8ED1E;
			productRefGroup = 3197AB7A2A16151200C8ED1E /* Products */;
			projectDirPath = "";
			projectRoot = "";
			targets = (
				3197AB782A16151200C8ED1E /* MemoSpot */,
			);
		};
/* End PBXProject section */

/* Begin PBXResourcesBuildPhase section */
		3197AB772A16151200C8ED1E /* Resources */ = {
			isa = PBXResourcesBuildPhase;
			buildActionMask = 2147483647;
			files = (
				3197AB842A16151300C8ED1E /* Preview Assets.xcassets in Resources */,
				3197AB812A16151300C8ED1E /* Assets.xcassets in Resources */,
			);
			runOnlyForDeploymentPostprocessing = 0;
		};
/* End PBXResourcesBuildPhase section */

/* Begin PBXSourcesBuildPhase section */
		3197AB752A16151200C8ED1E /* Sources */ = {
			isa = PBXSourcesBuildPhase;
			buildActionMask = 2147483647;
			files = (
				31592B9C2A171ADE00290E1A /* ReviewView.swift in Sources */,
				31592BA42A19F07A00290E1A /* NoteSheet.swift in Sources */,
				3197AB862A16151300C8ED1E /* Persistence.swift in Sources */,
				31592B9A2A171ACD00290E1A /* CoreDataViewModel.swift in Sources */,
				31592BA62A1A280200290E1A /* AddReviewButton.swift in Sources */,
				3197AB952A16187C00C8ED1E /* MapView.swift in Sources */,
				3197AB892A16151300C8ED1E /* MemoSpot.xcdatamodeld in Sources */,
				31B485E32A16587000B4CDC1 /* Place.swift in Sources */,
				31592BA82A1A281200290E1A /* SaveReviewButton.swift in Sources */,
				31592B9E2A19F03E00290E1A /* SelectedLocationSheet.swift in Sources */,
				3197AB932A16187600C8ED1E /* Home.swift in Sources */,
				3197AB972A16188800C8ED1E /* MapViewModel.swift in Sources */,
				3197AB7F2A16151200C8ED1E /* ContentView.swift in Sources */,
				3197AB7D2A16151200C8ED1E /* MemoSpotApp.swift in Sources */,
			);
			runOnlyForDeploymentPostprocessing = 0;
		};
/* End PBXSourcesBuildPhase section */

/* Begin XCBuildConfiguration section */
		3197AB8A2A16151300C8ED1E /* Debug */ = {
			isa = XCBuildConfiguration;
			buildSettings = {
				ALWAYS_SEARCH_USER_PATHS = NO;
				CLANG_ANALYZER_NONNULL = YES;
				CLANG_ANALYZER_NUMBER_OBJECT_CONVERSION = YES_AGGRESSIVE;
				CLANG_CXX_LANGUAGE_STANDARD = "gnu++20";
				CLANG_ENABLE_MODULES = YES;
				CLANG_ENABLE_OBJC_ARC = YES;
				CLANG_ENABLE_OBJC_WEAK = YES;
				CLANG_WARN_BLOCK_CAPTURE_AUTORELEASING = YES;
				CLANG_WARN_BOOL_CONVERSION = YES;
				CLANG_WARN_COMMA = YES;
				CLANG_WARN_CONSTANT_CONVERSION = YES;
				CLANG_WARN_DEPRECATED_OBJC_IMPLEMENTATIONS = YES;
				CLANG_WARN_DIRECT_OBJC_ISA_USAGE = YES_ERROR;
				CLANG_WARN_DOCUMENTATION_COMMENTS = YES;
				CLANG_WARN_EMPTY_BODY = YES;
				CLANG_WARN_ENUM_CONVERSION = YES;
				CLANG_WARN_INFINITE_RECURSION = YES;
				CLANG_WARN_INT_CONVERSION = YES;
				CLANG_WARN_NON_LITERAL_NULL_CONVERSION = YES;
				CLANG_WARN_OBJC_IMPLICIT_RETAIN_SELF = YES;
				CLANG_WARN_OBJC_LITERAL_CONVERSION = YES;
				CLANG_WARN_OBJC_ROOT_CLASS = YES_ERROR;
				CLANG_WARN_QUOTED_INCLUDE_IN_FRAMEWORK_HEADER = YES;
				CLANG_WARN_RANGE_LOOP_ANALYSIS = YES;
				CLANG_WARN_STRICT_PROTOTYPES = YES;
				CLANG_WARN_SUSPICIOUS_MOVE = YES;
				CLANG_WARN_UNGUARDED_AVAILABILITY = YES_AGGRESSIVE;
				CLANG_WARN_UNREACHABLE_CODE = YES;
				CLANG_WARN__DUPLICATE_METHOD_MATCH = YES;
				COPY_PHASE_STRIP = NO;
				DEBUG_INFORMATION_FORMAT = dwarf;
				ENABLE_STRICT_OBJC_MSGSEND = YES;
				ENABLE_TESTABILITY = YES;
				GCC_C_LANGUAGE_STANDARD = gnu11;
				GCC_DYNAMIC_NO_PIC = NO;
				GCC_NO_COMMON_BLOCKS = YES;
				GCC_OPTIMIZATION_LEVEL = 0;
				GCC_PREPROCESSOR_DEFINITIONS = (
					"DEBUG=1",
					"$(inherited)",
				);
				GCC_WARN_64_TO_32_BIT_CONVERSION = YES;
				GCC_WARN_ABOUT_RETURN_TYPE = YES_ERROR;
				GCC_WARN_UNDECLARED_SELECTOR = YES;
				GCC_WARN_UNINITIALIZED_AUTOS = YES_AGGRESSIVE;
				GCC_WARN_UNUSED_FUNCTION = YES;
				GCC_WARN_UNUSED_VARIABLE = YES;
				IPHONEOS_DEPLOYMENT_TARGET = 16.4;
				MTL_ENABLE_DEBUG_INFO = INCLUDE_SOURCE;
				MTL_FAST_MATH = YES;
				ONLY_ACTIVE_ARCH = YES;
				SDKROOT = iphoneos;
				SWIFT_ACTIVE_COMPILATION_CONDITIONS = DEBUG;
				SWIFT_OPTIMIZATION_LEVEL = "-Onone";
			};
			name = Debug;
		};
		3197AB8B2A16151300C8ED1E /* Release */ = {
			isa = XCBuildConfiguration;
			buildSettings = {
				ALWAYS_SEARCH_USER_PATHS = NO;
				CLANG_ANALYZER_NONNULL = YES;
				CLANG_ANALYZER_NUMBER_OBJECT_CONVERSION = YES_AGGRESSIVE;
				CLANG_CXX_LANGUAGE_STANDARD = "gnu++20";
				CLANG_ENABLE_MODULES = YES;
				CLANG_ENABLE_OBJC_ARC = YES;
				CLANG_ENABLE_OBJC_WEAK = YES;
				CLANG_WARN_BLOCK_CAPTURE_AUTORELEASING = YES;
				CLANG_WARN_BOOL_CONVERSION = YES;
				CLANG_WARN_COMMA = YES;
				CLANG_WARN_CONSTANT_CONVERSION = YES;
				CLANG_WARN_DEPRECATED_OBJC_IMPLEMENTATIONS = YES;
				CLANG_WARN_DIRECT_OBJC_ISA_USAGE = YES_ERROR;
				CLANG_WARN_DOCUMENTATION_COMMENTS = YES;
				CLANG_WARN_EMPTY_BODY = YES;
				CLANG_WARN_ENUM_CONVERSION = YES;
				CLANG_WARN_INFINITE_RECURSION = YES;
				CLANG_WARN_INT_CONVERSION = YES;
				CLANG_WARN_NON_LITERAL_NULL_CONVERSION = YES;
				CLANG_WARN_OBJC_IMPLICIT_RETAIN_SELF = YES;
				CLANG_WARN_OBJC_LITERAL_CONVERSION = YES;
				CLANG_WARN_OBJC_ROOT_CLASS = YES_ERROR;
				CLANG_WARN_QUOTED_INCLUDE_IN_FRAMEWORK_HEADER = YES;
				CLANG_WARN_RANGE_LOOP_ANALYSIS = YES;
				CLANG_WARN_STRICT_PROTOTYPES = YES;
				CLANG_WARN_SUSPICIOUS_MOVE = YES;
				CLANG_WARN_UNGUARDED_AVAILABILITY = YES_AGGRESSIVE;
				CLANG_WARN_UNREACHABLE_CODE = YES;
				CLANG_WARN__DUPLICATE_METHOD_MATCH = YES;
				COPY_PHASE_STRIP = NO;
				DEBUG_INFORMATION_FORMAT = "dwarf-with-dsym";
				ENABLE_NS_ASSERTIONS = NO;
				ENABLE_STRICT_OBJC_MSGSEND = YES;
				GCC_C_LANGUAGE_STANDARD = gnu11;
				GCC_NO_COMMON_BLOCKS = YES;
				GCC_WARN_64_TO_32_BIT_CONVERSION = YES;
				GCC_WARN_ABOUT_RETURN_TYPE = YES_ERROR;
				GCC_WARN_UNDECLARED_SELECTOR = YES;
				GCC_WARN_UNINITIALIZED_AUTOS = YES_AGGRESSIVE;
				GCC_WARN_UNUSED_FUNCTION = YES;
				GCC_WARN_UNUSED_VARIABLE = YES;
				IPHONEOS_DEPLOYMENT_TARGET = 16.4;
				MTL_ENABLE_DEBUG_INFO = NO;
				MTL_FAST_MATH = YES;
				SDKROOT = iphoneos;
				SWIFT_COMPILATION_MODE = wholemodule;
				SWIFT_OPTIMIZATION_LEVEL = "-O";
				VALIDATE_PRODUCT = YES;
			};
			name = Release;
		};
		3197AB8D2A16151300C8ED1E /* Debug */ = {
			isa = XCBuildConfiguration;
			buildSettings = {
				ASSETCATALOG_COMPILER_APPICON_NAME = AppIcon;
				ASSETCATALOG_COMPILER_GLOBAL_ACCENT_COLOR_NAME = AccentColor;
				CODE_SIGN_STYLE = Automatic;
				CURRENT_PROJECT_VERSION = 1;
				DEVELOPMENT_ASSET_PATHS = "\"MemoSpot/Preview Content\"";
				DEVELOPMENT_TEAM = HHQRX4Z95P;
				ENABLE_PREVIEWS = YES;
				GENERATE_INFOPLIST_FILE = YES;
				INFOPLIST_KEY_NSLocationWhenInUseUsageDescription = "MemoSpot needs location access";
				INFOPLIST_KEY_UIApplicationSceneManifest_Generation = YES;
				INFOPLIST_KEY_UIApplicationSupportsIndirectInputEvents = YES;
				INFOPLIST_KEY_UILaunchScreen_Generation = YES;
				INFOPLIST_KEY_UISupportedInterfaceOrientations_iPad = "UIInterfaceOrientationPortrait UIInterfaceOrientationPortraitUpsideDown UIInterfaceOrientationLandscapeLeft UIInterfaceOrientationLandscapeRight";
				INFOPLIST_KEY_UISupportedInterfaceOrientations_iPhone = "UIInterfaceOrientationPortrait UIInterfaceOrientationLandscapeLeft UIInterfaceOrientationLandscapeRight";
				LD_RUNPATH_SEARCH_PATHS = (
					"$(inherited)",
					"@executable_path/Frameworks",
				);
				MARKETING_VERSION = 1.0;
				PRODUCT_BUNDLE_IDENTIFIER = Learning.MemoSpot;
				PRODUCT_NAME = "$(TARGET_NAME)";
				SWIFT_EMIT_LOC_STRINGS = YES;
				SWIFT_VERSION = 5.0;
				TARGETED_DEVICE_FAMILY = "1,2";
			};
			name = Debug;
		};
		3197AB8E2A16151300C8ED1E /* Release */ = {
			isa = XCBuildConfiguration;
			buildSettings = {
				ASSETCATALOG_COMPILER_APPICON_NAME = AppIcon;
				ASSETCATALOG_COMPILER_GLOBAL_ACCENT_COLOR_NAME = AccentColor;
				CODE_SIGN_STYLE = Automatic;
				CURRENT_PROJECT_VERSION = 1;
				DEVELOPMENT_ASSET_PATHS = "\"MemoSpot/Preview Content\"";
				DEVELOPMENT_TEAM = HHQRX4Z95P;
				ENABLE_PREVIEWS = YES;
				GENERATE_INFOPLIST_FILE = YES;
				INFOPLIST_KEY_NSLocationWhenInUseUsageDescription = "MemoSpot needs location access";
				INFOPLIST_KEY_UIApplicationSceneManifest_Generation = YES;
				INFOPLIST_KEY_UIApplicationSupportsIndirectInputEvents = YES;
				INFOPLIST_KEY_UILaunchScreen_Generation = YES;
				INFOPLIST_KEY_UISupportedInterfaceOrientations_iPad = "UIInterfaceOrientationPortrait UIInterfaceOrientationPortraitUpsideDown UIInterfaceOrientationLandscapeLeft UIInterfaceOrientationLandscapeRight";
				INFOPLIST_KEY_UISupportedInterfaceOrientations_iPhone = "UIInterfaceOrientationPortrait UIInterfaceOrientationLandscapeLeft UIInterfaceOrientationLandscapeRight";
				LD_RUNPATH_SEARCH_PATHS = (
					"$(inherited)",
					"@executable_path/Frameworks",
				);
				MARKETING_VERSION = 1.0;
				PRODUCT_BUNDLE_IDENTIFIER = Learning.MemoSpot;
				PRODUCT_NAME = "$(TARGET_NAME)";
				SWIFT_EMIT_LOC_STRINGS = YES;
				SWIFT_VERSION = 5.0;
				TARGETED_DEVICE_FAMILY = "1,2";
			};
			name = Release;
		};
/* End XCBuildConfiguration section */

/* Begin XCConfigurationList section */
		3197AB742A16151200C8ED1E /* Build configuration list for PBXProject "MemoSpot" */ = {
			isa = XCConfigurationList;
			buildConfigurations = (
				3197AB8A2A16151300C8ED1E /* Debug */,
				3197AB8B2A16151300C8ED1E /* Release */,
			);
			defaultConfigurationIsVisible = 0;
			defaultConfigurationName = Release;
		};
		3197AB8C2A16151300C8ED1E /* Build configuration list for PBXNativeTarget "MemoSpot" */ = {
			isa = XCConfigurationList;
			buildConfigurations = (
				3197AB8D2A16151300C8ED1E /* Debug */,
				3197AB8E2A16151300C8ED1E /* Release */,
			);
			defaultConfigurationIsVisible = 0;
			defaultConfigurationName = Release;
		};
/* End XCConfigurationList section */

/* Begin XCVersionGroup section */
		3197AB872A16151300C8ED1E /* MemoSpot.xcdatamodeld */ = {
			isa = XCVersionGroup;
			children = (
				3197AB882A16151300C8ED1E /* MemoSpot.xcdatamodel */,
			);
			currentVersion = 3197AB882A16151300C8ED1E /* MemoSpot.xcdatamodel */;
			path = MemoSpot.xcdatamodeld;
			sourceTree = "<group>";
			versionGroupType = wrapper.xcdatamodel;
		};
/* End XCVersionGroup section */
	};
	rootObject = 3197AB712A16151200C8ED1E /* Project object */;
}
